// !$*UTF8*$!
{
	archiveVersion = 1;
	classes = {
	};
	objectVersion = 56;
	objects = {

/* Begin PBXBuildFile section */
		2879B56629AF2A3800446474 /* RouletteApp.swift in Sources */ = {isa = PBXBuildFile; fileRef = 2879B56529AF2A3800446474 /* RouletteApp.swift */; };
		2879B56829AF2A3800446474 /* ContentView.swift in Sources */ = {isa = PBXBuildFile; fileRef = 2879B56729AF2A3800446474 /* ContentView.swift */; };
		2879B56A29AF2A3B00446474 /* Assets.xcassets in Resources */ = {isa = PBXBuildFile; fileRef = 2879B56929AF2A3B00446474 /* Assets.xcassets */; };
		2879B56D29AF2A3B00446474 /* Preview Assets.xcassets in Resources */ = {isa = PBXBuildFile; fileRef = 2879B56C29AF2A3B00446474 /* Preview Assets.xcassets */; };
		2879B57429AF2C3700446474 /* Number_Model.swift in Sources */ = {isa = PBXBuildFile; fileRef = 2879B57329AF2C3700446474 /* Number_Model.swift */; };
		2879B57629AF2D2400446474 /* Number_arrary.swift in Sources */ = {isa = PBXBuildFile; fileRef = 2879B57529AF2D2400446474 /* Number_arrary.swift */; };
		2879B57829B353FF00446474 /* Number_Button.swift in Sources */ = {isa = PBXBuildFile; fileRef = 2879B57729B353FF00446474 /* Number_Button.swift */; };
		2879B57A29B3779700446474 /* TwoToOne_Button.swift in Sources */ = {isa = PBXBuildFile; fileRef = 2879B57929B3779700446474 /* TwoToOne_Button.swift */; };
		2879B58229B382ED00446474 /* OneToNumber_Button.swift in Sources */ = {isa = PBXBuildFile; fileRef = 2879B58129B382ED00446474 /* OneToNumber_Button.swift */; };
		2879B58429B3830400446474 /* Color_Button.swift in Sources */ = {isa = PBXBuildFile; fileRef = 2879B58329B3830400446474 /* Color_Button.swift */; };
		2879B58629B3831D00446474 /* OddEven_Button.swift in Sources */ = {isa = PBXBuildFile; fileRef = 2879B58529B3831D00446474 /* OddEven_Button.swift */; };
		2879B58929B38B6D00446474 /* Chips_Button.swift in Sources */ = {isa = PBXBuildFile; fileRef = 2879B58829B38B6D00446474 /* Chips_Button.swift */; };
		2879B59029B6E7A000446474 /* ChoseArray_Model.swift in Sources */ = {isa = PBXBuildFile; fileRef = 2879B58F29B6E7A000446474 /* ChoseArray_Model.swift */; };
		2879B59429B8791F00446474 /* RouletteView.swift in Sources */ = {isa = PBXBuildFile; fileRef = 2879B59329B8791F00446474 /* RouletteView.swift */; };
		2879B59829B87F1E00446474 /* Triple_Button.swift in Sources */ = {isa = PBXBuildFile; fileRef = 2879B59729B87F1E00446474 /* Triple_Button.swift */; };
		2879B59A29BB408600446474 /* Zero_Button.swift in Sources */ = {isa = PBXBuildFile; fileRef = 2879B59929BB408600446474 /* Zero_Button.swift */; };
		2879B59C29BCC66C00446474 /* TotalChips.swift in Sources */ = {isa = PBXBuildFile; fileRef = 2879B59B29BCC66C00446474 /* TotalChips.swift */; };
		2879B59E29C026DB00446474 /* background.mp3 in Resources */ = {isa = PBXBuildFile; fileRef = 2879B59D29C026DB00446474 /* background.mp3 */; };
		2879B5A029C02DC100446474 /* coin.mp3 in Resources */ = {isa = PBXBuildFile; fileRef = 2879B59F29C02DC100446474 /* coin.mp3 */; };
/* End PBXBuildFile section */

/* Begin PBXFileReference section */
		2879B56229AF2A3800446474 /* Roulette.app */ = {isa = PBXFileReference; explicitFileType = wrapper.application; includeInIndex = 0; path = Roulette.app; sourceTree = BUILT_PRODUCTS_DIR; };
		2879B56529AF2A3800446474 /* RouletteApp.swift */ = {isa = PBXFileReference; lastKnownFileType = sourcecode.swift; path = RouletteApp.swift; sourceTree = "<group>"; };
		2879B56729AF2A3800446474 /* ContentView.swift */ = {isa = PBXFileReference; lastKnownFileType = sourcecode.swift; path = ContentView.swift; sourceTree = "<group>"; };
		2879B56929AF2A3B00446474 /* Assets.xcassets */ = {isa = PBXFileReference; lastKnownFileType = folder.assetcatalog; path = Assets.xcassets; sourceTree = "<group>"; };
		2879B56C29AF2A3B00446474 /* Preview Assets.xcassets */ = {isa = PBXFileReference; lastKnownFileType = folder.assetcatalog; path = "Preview Assets.xcassets"; sourceTree = "<group>"; };
		2879B57329AF2C3700446474 /* Number_Model.swift */ = {isa = PBXFileReference; lastKnownFileType = sourcecode.swift; path = Number_Model.swift; sourceTree = "<group>"; };
		2879B57529AF2D2400446474 /* Number_arrary.swift */ = {isa = PBXFileReference; lastKnownFileType = sourcecode.swift; path = Number_arrary.swift; sourceTree = "<group>"; };
		2879B57729B353FF00446474 /* Number_Button.swift */ = {isa = PBXFileReference; lastKnownFileType = sourcecode.swift; path = Number_Button.swift; sourceTree = "<group>"; };
		2879B57929B3779700446474 /* TwoToOne_Button.swift */ = {isa = PBXFileReference; lastKnownFileType = sourcecode.swift; path = TwoToOne_Button.swift; sourceTree = "<group>"; };
		2879B58129B382ED00446474 /* OneToNumber_Button.swift */ = {isa = PBXFileReference; lastKnownFileType = sourcecode.swift; path = OneToNumber_Button.swift; sourceTree = "<group>"; };
		2879B58329B3830400446474 /* Color_Button.swift */ = {isa = PBXFileReference; lastKnownFileType = sourcecode.swift; path = Color_Button.swift; sourceTree = "<group>"; };
		2879B58529B3831D00446474 /* OddEven_Button.swift */ = {isa = PBXFileReference; lastKnownFileType = sourcecode.swift; path = OddEven_Button.swift; sourceTree = "<group>"; };
		2879B58829B38B6D00446474 /* Chips_Button.swift */ = {isa = PBXFileReference; lastKnownFileType = sourcecode.swift; path = Chips_Button.swift; sourceTree = "<group>"; };
		2879B58F29B6E7A000446474 /* ChoseArray_Model.swift */ = {isa = PBXFileReference; lastKnownFileType = sourcecode.swift; path = ChoseArray_Model.swift; sourceTree = "<group>"; };
		2879B59329B8791F00446474 /* RouletteView.swift */ = {isa = PBXFileReference; lastKnownFileType = sourcecode.swift; path = RouletteView.swift; sourceTree = "<group>"; };
		2879B59729B87F1E00446474 /* Triple_Button.swift */ = {isa = PBXFileReference; lastKnownFileType = sourcecode.swift; path = Triple_Button.swift; sourceTree = "<group>"; };
		2879B59929BB408600446474 /* Zero_Button.swift */ = {isa = PBXFileReference; lastKnownFileType = sourcecode.swift; path = Zero_Button.swift; sourceTree = "<group>"; };
		2879B59B29BCC66C00446474 /* TotalChips.swift */ = {isa = PBXFileReference; lastKnownFileType = sourcecode.swift; path = TotalChips.swift; sourceTree = "<group>"; };
		2879B59D29C026DB00446474 /* background.mp3 */ = {isa = PBXFileReference; lastKnownFileType = audio.mp3; path = background.mp3; sourceTree = "<group>"; };
		2879B59F29C02DC100446474 /* coin.mp3 */ = {isa = PBXFileReference; lastKnownFileType = audio.mp3; path = coin.mp3; sourceTree = "<group>"; };
/* End PBXFileReference section */

/* Begin PBXFrameworksBuildPhase section */
		2879B55F29AF2A3800446474 /* Frameworks */ = {
			isa = PBXFrameworksBuildPhase;
			buildActionMask = 2147483647;
			files = (
			);
			runOnlyForDeploymentPostprocessing = 0;
		};
/* End PBXFrameworksBuildPhase section */

/* Begin PBXGroup section */
		2879B55929AF2A3800446474 = {
			isa = PBXGroup;
			children = (
				2879B56429AF2A3800446474 /* Roulette */,
				2879B56329AF2A3800446474 /* Products */,
			);
			sourceTree = "<group>";
		};
		2879B56329AF2A3800446474 /* Products */ = {
			isa = PBXGroup;
			children = (
				2879B56229AF2A3800446474 /* Roulette.app */,
			);
			name = Products;
			sourceTree = "<group>";
		};
		2879B56429AF2A3800446474 /* Roulette */ = {
			isa = PBXGroup;
			children = (
				2879B56529AF2A3800446474 /* RouletteApp.swift */,
				2879B56729AF2A3800446474 /* ContentView.swift */,
				2879B59229B878E700446474 /* Roulette */,
				2879B58729B383D200446474 /* Buton */,
				2879B59129B6E7AA00446474 /* Model */,
				2879B56929AF2A3B00446474 /* Assets.xcassets */,
				2879B59D29C026DB00446474 /* background.mp3 */,
				2879B59F29C02DC100446474 /* coin.mp3 */,
				2879B56B29AF2A3B00446474 /* Preview Content */,
			);
			path = Roulette;
			sourceTree = "<group>";
		};
		2879B56B29AF2A3B00446474 /* Preview Content */ = {
			isa = PBXGroup;
			children = (
				2879B56C29AF2A3B00446474 /* Preview Assets.xcassets */,
			);
			path = "Preview Content";
			sourceTree = "<group>";
		};
		2879B58729B383D200446474 /* Buton */ = {
			isa = PBXGroup;
			children = (
				2879B58829B38B6D00446474 /* Chips_Button.swift */,
				2879B58129B382ED00446474 /* OneToNumber_Button.swift */,
				2879B58329B3830400446474 /* Color_Button.swift */,
				2879B58529B3831D00446474 /* OddEven_Button.swift */,
				2879B57929B3779700446474 /* TwoToOne_Button.swift */,
				2879B57729B353FF00446474 /* Number_Button.swift */,
				2879B59929BB408600446474 /* Zero_Button.swift */,
				2879B59729B87F1E00446474 /* Triple_Button.swift */,
			);
			path = Buton;
			sourceTree = "<group>";
		};
		2879B59129B6E7AA00446474 /* Model */ = {
			isa = PBXGroup;
			children = (
				2879B58F29B6E7A000446474 /* ChoseArray_Model.swift */,
				2879B59B29BCC66C00446474 /* TotalChips.swift */,
			);
			path = Model;
			sourceTree = "<group>";
		};
		2879B59229B878E700446474 /* Roulette */ = {
			isa = PBXGroup;
			children = (
				2879B59329B8791F00446474 /* RouletteView.swift */,
				2879B57329AF2C3700446474 /* Number_Model.swift */,
				2879B57529AF2D2400446474 /* Number_arrary.swift */,
			);
			path = Roulette;
			sourceTree = "<group>";
		};
/* End PBXGroup section */

/* Begin PBXNativeTarget section */
		2879B56129AF2A3800446474 /* Roulette */ = {
			isa = PBXNativeTarget;
			buildConfigurationList = 2879B57029AF2A3B00446474 /* Build configuration list for PBXNativeTarget "Roulette" */;
			buildPhases = (
				2879B55E29AF2A3800446474 /* Sources */,
				2879B55F29AF2A3800446474 /* Frameworks */,
				2879B56029AF2A3800446474 /* Resources */,
			);
			buildRules = (
			);
			dependencies = (
			);
			name = Roulette;
			productName = Roulette;
			productReference = 2879B56229AF2A3800446474 /* Roulette.app */;
			productType = "com.apple.product-type.application";
		};
/* End PBXNativeTarget section */

/* Begin PBXProject section */
		2879B55A29AF2A3800446474 /* Project object */ = {
			isa = PBXProject;
			attributes = {
				BuildIndependentTargetsInParallel = 1;
				LastSwiftUpdateCheck = 1400;
				LastUpgradeCheck = 1400;
				TargetAttributes = {
					2879B56129AF2A3800446474 = {
						CreatedOnToolsVersion = 14.0;
					};
				};
			};
			buildConfigurationList = 2879B55D29AF2A3800446474 /* Build configuration list for PBXProject "Roulette" */;
			compatibilityVersion = "Xcode 14.0";
			developmentRegion = en;
			hasScannedForEncodings = 0;
			knownRegions = (
				en,
				Base,
			);
			mainGroup = 2879B55929AF2A3800446474;
			productRefGroup = 2879B56329AF2A3800446474 /* Products */;
			projectDirPath = "";
			projectRoot = "";
			targets = (
				2879B56129AF2A3800446474 /* Roulette */,
			);
		};
/* End PBXProject section */

/* Begin PBXResourcesBuildPhase section */
		2879B56029AF2A3800446474 /* Resources */ = {
			isa = PBXResourcesBuildPhase;
			buildActionMask = 2147483647;
			files = (
				2879B56D29AF2A3B00446474 /* Preview Assets.xcassets in Resources */,
				2879B59E29C026DB00446474 /* background.mp3 in Resources */,
				2879B5A029C02DC100446474 /* coin.mp3 in Resources */,
				2879B56A29AF2A3B00446474 /* Assets.xcassets in Resources */,
			);
			runOnlyForDeploymentPostprocessing = 0;
		};
/* End PBXResourcesBuildPhase section */

/* Begin PBXSourcesBuildPhase section */
		2879B55E29AF2A3800446474 /* Sources */ = {
			isa = PBXSourcesBuildPhase;
			buildActionMask = 2147483647;
			files = (
				2879B56829AF2A3800446474 /* ContentView.swift in Sources */,
				2879B56629AF2A3800446474 /* RouletteApp.swift in Sources */,
				2879B57429AF2C3700446474 /* Number_Model.swift in Sources */,
				2879B58229B382ED00446474 /* OneToNumber_Button.swift in Sources */,
				2879B59429B8791F00446474 /* RouletteView.swift in Sources */,
				2879B59029B6E7A000446474 /* ChoseArray_Model.swift in Sources */,
				2879B57829B353FF00446474 /* Number_Button.swift in Sources */,
				2879B57A29B3779700446474 /* TwoToOne_Button.swift in Sources */,
				2879B58629B3831D00446474 /* OddEven_Button.swift in Sources */,
				2879B57629AF2D2400446474 /* Number_arrary.swift in Sources */,
				2879B58929B38B6D00446474 /* Chips_Button.swift in Sources */,
				2879B59829B87F1E00446474 /* Triple_Button.swift in Sources */,
				2879B58429B3830400446474 /* Color_Button.swift in Sources */,
				2879B59C29BCC66C00446474 /* TotalChips.swift in Sources */,
				2879B59A29BB408600446474 /* Zero_Button.swift in Sources */,
			);
			runOnlyForDeploymentPostprocessing = 0;
		};
/* End PBXSourcesBuildPhase section */

/* Begin XCBuildConfiguration section */
		2879B56E29AF2A3B00446474 /* Debug */ = {
			isa = XCBuildConfiguration;
			buildSettings = {
				ALWAYS_SEARCH_USER_PATHS = NO;
				CLANG_ANALYZER_NONNULL = YES;
				CLANG_ANALYZER_NUMBER_OBJECT_CONVERSION = YES_AGGRESSIVE;
				CLANG_CXX_LANGUAGE_STANDARD = "gnu++20";
				CLANG_ENABLE_MODULES = YES;
				CLANG_ENABLE_OBJC_ARC = YES;
				CLANG_ENABLE_OBJC_WEAK = YES;
				CLANG_WARN_BLOCK_CAPTURE_AUTORELEASING = YES;
				CLANG_WARN_BOOL_CONVERSION = YES;
				CLANG_WARN_COMMA = YES;
				CLANG_WARN_CONSTANT_CONVERSION = YES;
				CLANG_WARN_DEPRECATED_OBJC_IMPLEMENTATIONS = YES;
				CLANG_WARN_DIRECT_OBJC_ISA_USAGE = YES_ERROR;
				CLANG_WARN_DOCUMENTATION_COMMENTS = YES;
				CLANG_WARN_EMPTY_BODY = YES;
				CLANG_WARN_ENUM_CONVERSION = YES;
				CLANG_WARN_INFINITE_RECURSION = YES;
				CLANG_WARN_INT_CONVERSION = YES;
				CLANG_WARN_NON_LITERAL_NULL_CONVERSION = YES;
				CLANG_WARN_OBJC_IMPLICIT_RETAIN_SELF = YES;
				CLANG_WARN_OBJC_LITERAL_CONVERSION = YES;
				CLANG_WARN_OBJC_ROOT_CLASS = YES_ERROR;
				CLANG_WARN_QUOTED_INCLUDE_IN_FRAMEWORK_HEADER = YES;
				CLANG_WARN_RANGE_LOOP_ANALYSIS = YES;
				CLANG_WARN_STRICT_PROTOTYPES = YES;
				CLANG_WARN_SUSPICIOUS_MOVE = YES;
				CLANG_WARN_UNGUARDED_AVAILABILITY = YES_AGGRESSIVE;
				CLANG_WARN_UNREACHABLE_CODE = YES;
				CLANG_WARN__DUPLICATE_METHOD_MATCH = YES;
				COPY_PHASE_STRIP = NO;
				DEBUG_INFORMATION_FORMAT = dwarf;
				ENABLE_STRICT_OBJC_MSGSEND = YES;
				ENABLE_TESTABILITY = YES;
				GCC_C_LANGUAGE_STANDARD = gnu11;
				GCC_DYNAMIC_NO_PIC = NO;
				GCC_NO_COMMON_BLOCKS = YES;
				GCC_OPTIMIZATION_LEVEL = 0;
				GCC_PREPROCESSOR_DEFINITIONS = (
					"DEBUG=1",
					"$(inherited)",
				);
				GCC_WARN_64_TO_32_BIT_CONVERSION = YES;
				GCC_WARN_ABOUT_RETURN_TYPE = YES_ERROR;
				GCC_WARN_UNDECLARED_SELECTOR = YES;
				GCC_WARN_UNINITIALIZED_AUTOS = YES_AGGRESSIVE;
				GCC_WARN_UNUSED_FUNCTION = YES;
				GCC_WARN_UNUSED_VARIABLE = YES;
				IPHONEOS_DEPLOYMENT_TARGET = 16.0;
				MTL_ENABLE_DEBUG_INFO = INCLUDE_SOURCE;
				MTL_FAST_MATH = YES;
				ONLY_ACTIVE_ARCH = YES;
				SDKROOT = iphoneos;
				SWIFT_ACTIVE_COMPILATION_CONDITIONS = DEBUG;
				SWIFT_OPTIMIZATION_LEVEL = "-Onone";
			};
			name = Debug;
		};
		2879B56F29AF2A3B00446474 /* Release */ = {
			isa = XCBuildConfiguration;
			buildSettings = {
				ALWAYS_SEARCH_USER_PATHS = NO;
				CLANG_ANALYZER_NONNULL = YES;
				CLANG_ANALYZER_NUMBER_OBJECT_CONVERSION = YES_AGGRESSIVE;
				CLANG_CXX_LANGUAGE_STANDARD = "gnu++20";
				CLANG_ENABLE_MODULES = YES;
				CLANG_ENABLE_OBJC_ARC = YES;
				CLANG_ENABLE_OBJC_WEAK = YES;
				CLANG_WARN_BLOCK_CAPTURE_AUTORELEASING = YES;
				CLANG_WARN_BOOL_CONVERSION = YES;
				CLANG_WARN_COMMA = YES;
				CLANG_WARN_CONSTANT_CONVERSION = YES;
				CLANG_WARN_DEPRECATED_OBJC_IMPLEMENTATIONS = YES;
				CLANG_WARN_DIRECT_OBJC_ISA_USAGE = YES_ERROR;
				CLANG_WARN_DOCUMENTATION_COMMENTS = YES;
				CLANG_WARN_EMPTY_BODY = YES;
				CLANG_WARN_ENUM_CONVERSION = YES;
				CLANG_WARN_INFINITE_RECURSION = YES;
				CLANG_WARN_INT_CONVERSION = YES;
				CLANG_WARN_NON_LITERAL_NULL_CONVERSION = YES;
				CLANG_WARN_OBJC_IMPLICIT_RETAIN_SELF = YES;
				CLANG_WARN_OBJC_LITERAL_CONVERSION = YES;
				CLANG_WARN_OBJC_ROOT_CLASS = YES_ERROR;
				CLANG_WARN_QUOTED_INCLUDE_IN_FRAMEWORK_HEADER = YES;
				CLANG_WARN_RANGE_LOOP_ANALYSIS = YES;
				CLANG_WARN_STRICT_PROTOTYPES = YES;
				CLANG_WARN_SUSPICIOUS_MOVE = YES;
				CLANG_WARN_UNGUARDED_AVAILABILITY = YES_AGGRESSIVE;
				CLANG_WARN_UNREACHABLE_CODE = YES;
				CLANG_WARN__DUPLICATE_METHOD_MATCH = YES;
				COPY_PHASE_STRIP = NO;
				DEBUG_INFORMATION_FORMAT = "dwarf-with-dsym";
				ENABLE_NS_ASSERTIONS = NO;
				ENABLE_STRICT_OBJC_MSGSEND = YES;
				GCC_C_LANGUAGE_STANDARD = gnu11;
				GCC_NO_COMMON_BLOCKS = YES;
				GCC_WARN_64_TO_32_BIT_CONVERSION = YES;
				GCC_WARN_ABOUT_RETURN_TYPE = YES_ERROR;
				GCC_WARN_UNDECLARED_SELECTOR = YES;
				GCC_WARN_UNINITIALIZED_AUTOS = YES_AGGRESSIVE;
				GCC_WARN_UNUSED_FUNCTION = YES;
				GCC_WARN_UNUSED_VARIABLE = YES;
				IPHONEOS_DEPLOYMENT_TARGET = 16.0;
				MTL_ENABLE_DEBUG_INFO = NO;
				MTL_FAST_MATH = YES;
				SDKROOT = iphoneos;
				SWIFT_COMPILATION_MODE = wholemodule;
				SWIFT_OPTIMIZATION_LEVEL = "-O";
				VALIDATE_PRODUCT = YES;
			};
			name = Release;
		};
		2879B57129AF2A3B00446474 /* Debug */ = {
			isa = XCBuildConfiguration;
			buildSettings = {
				ASSETCATALOG_COMPILER_APPICON_NAME = AppIcon;
				ASSETCATALOG_COMPILER_GLOBAL_ACCENT_COLOR_NAME = AccentColor;
				CODE_SIGN_STYLE = Automatic;
				CURRENT_PROJECT_VERSION = 1;
				DEVELOPMENT_ASSET_PATHS = "\"Roulette/Preview Content\"";
				ENABLE_PREVIEWS = YES;
				GENERATE_INFOPLIST_FILE = YES;
				INFOPLIST_KEY_UIApplicationSceneManifest_Generation = YES;
				INFOPLIST_KEY_UIApplicationSupportsIndirectInputEvents = YES;
				INFOPLIST_KEY_UILaunchScreen_Generation = YES;
				INFOPLIST_KEY_UISupportedInterfaceOrientations_iPad = "UIInterfaceOrientationPortrait UIInterfaceOrientationPortraitUpsideDown UIInterfaceOrientationLandscapeLeft UIInterfaceOrientationLandscapeRight";
				INFOPLIST_KEY_UISupportedInterfaceOrientations_iPhone = "UIInterfaceOrientationPortrait UIInterfaceOrientationLandscapeLeft UIInterfaceOrientationLandscapeRight";
				LD_RUNPATH_SEARCH_PATHS = (
					"$(inherited)",
					"@executable_path/Frameworks",
				);
				MARKETING_VERSION = 1.0;
				PRODUCT_BUNDLE_IDENTIFIER = com.Abby.Roulette;
				PRODUCT_NAME = "$(TARGET_NAME)";
				SWIFT_EMIT_LOC_STRINGS = YES;
				SWIFT_VERSION = 5.0;
				TARGETED_DEVICE_FAMILY = "1,2";
			};
			name = Debug;
		};
		2879B57229AF2A3B00446474 /* Release */ = {
			isa = XCBuildConfiguration;
			buildSettings = {
				ASSETCATALOG_COMPILER_APPICON_NAME = AppIcon;
				ASSETCATALOG_COMPILER_GLOBAL_ACCENT_COLOR_NAME = AccentColor;
				CODE_SIGN_STYLE = Automatic;
				CURRENT_PROJECT_VERSION = 1;
				DEVELOPMENT_ASSET_PATHS = "\"Roulette/Preview Content\"";
				ENABLE_PREVIEWS = YES;
				GENERATE_INFOPLIST_FILE = YES;
				INFOPLIST_KEY_UIApplicationSceneManifest_Generation = YES;
				INFOPLIST_KEY_UIApplicationSupportsIndirectInputEvents = YES;
				INFOPLIST_KEY_UILaunchScreen_Generation = YES;
				INFOPLIST_KEY_UISupportedInterfaceOrientations_iPad = "UIInterfaceOrientationPortrait UIInterfaceOrientationPortraitUpsideDown UIInterfaceOrientationLandscapeLeft UIInterfaceOrientationLandscapeRight";
				INFOPLIST_KEY_UISupportedInterfaceOrientations_iPhone = "UIInterfaceOrientationPortrait UIInterfaceOrientationLandscapeLeft UIInterfaceOrientationLandscapeRight";
				LD_RUNPATH_SEARCH_PATHS = (
					"$(inherited)",
					"@executable_path/Frameworks",
				);
				MARKETING_VERSION = 1.0;
				PRODUCT_BUNDLE_IDENTIFIER = com.Abby.Roulette;
				PRODUCT_NAME = "$(TARGET_NAME)";
				SWIFT_EMIT_LOC_STRINGS = YES;
				SWIFT_VERSION = 5.0;
				TARGETED_DEVICE_FAMILY = "1,2";
			};
			name = Release;
		};
/* End XCBuildConfiguration section */

/* Begin XCConfigurationList section */
		2879B55D29AF2A3800446474 /* Build configuration list for PBXProject "Roulette" */ = {
			isa = XCConfigurationList;
			buildConfigurations = (
				2879B56E29AF2A3B00446474 /* Debug */,
				2879B56F29AF2A3B00446474 /* Release */,
			);
			defaultConfigurationIsVisible = 0;
			defaultConfigurationName = Release;
		};
		2879B57029AF2A3B00446474 /* Build configuration list for PBXNativeTarget "Roulette" */ = {
			isa = XCConfigurationList;
			buildConfigurations = (
				2879B57129AF2A3B00446474 /* Debug */,
				2879B57229AF2A3B00446474 /* Release */,
			);
			defaultConfigurationIsVisible = 0;
			defaultConfigurationName = Release;
		};
/* End XCConfigurationList section */
	};
	rootObject = 2879B55A29AF2A3800446474 /* Project object */;
}
